
Microsoft Visual Studio Solution File, Format Version 12.00
# Visual Studio 15
VisualStudioVersion = 15.0.28307.852
MinimumVisualStudioVersion = 10.0.40219.1
Project("{FAE04EC0-301F-11D3-BF4B-00C04F79EFBC}") = "LinqKitControversy.Console", "LinqKitControversy.Console\LinqKitControversy.Console.csproj", "{89593D6A-2778-4F6C-A610-536D66A01E8C}"
EndProject
Project("{9A19103F-16F7-4668-BE54-9A1E7A4F7556}") = "ConsoleAppNetCore", "ConsoleAppNetCore\ConsoleAppNetCore.csproj", "{535AFD03-30D6-4799-B98B-1D2A71476C14}"
EndProject
Global
	GlobalSection(SolutionConfigurationPlatforms) = preSolution
		Debug|Any CPU = Debug|Any CPU
		Release|Any CPU = Release|Any CPU
	EndGlobalSection
	GlobalSection(ProjectConfigurationPlatforms) = postSolution
		{89593D6A-2778-4F6C-A610-536D66A01E8C}.Debug|Any CPU.ActiveCfg = Debug|Any CPU
		{89593D6A-2778-4F6C-A610-536D66A01E8C}.Debug|Any CPU.Build.0 = Debug|Any CPU
		{89593D6A-2778-4F6C-A610-536D66A01E8C}.Release|Any CPU.ActiveCfg = Release|Any CPU
		{89593D6A-2778-4F6C-A610-536D66A01E8C}.Release|Any CPU.Build.0 = Release|Any CPU
		{535AFD03-30D6-4799-B98B-1D2A71476C14}.Debug|Any CPU.ActiveCfg = Debug|Any CPU
		{535AFD03-30D6-4799-B98B-1D2A71476C14}.Debug|Any CPU.Build.0 = Debug|Any CPU
		{535AFD03-30D6-4799-B98B-1D2A71476C14}.Release|Any CPU.ActiveCfg = Release|Any CPU
		{535AFD03-30D6-4799-B98B-1D2A71476C14}.Release|Any CPU.Build.0 = Release|Any CPU
	EndGlobalSection
	GlobalSection(SolutionProperties) = preSolution
		HideSolutionNode = FALSE
	EndGlobalSection
	GlobalSection(ExtensibilityGlobals) = postSolution
		SolutionGuid = {C9CE0F28-2BE9-4FDE-82AE-AC8B44D617CF}
	EndGlobalSection
EndGlobal
